
Microsoft Visual Studio Solution File, Format Version 12.00
# Visual Studio 14
VisualStudioVersion = 14.0.25123.0
MinimumVisualStudioVersion = 10.0.40219.1
Project("{FAE04EC0-301F-11D3-BF4B-00C04F79EFBC}") = "TesteSchema", "TesteSchema\TesteSchema.csproj", "{A6E88C92-E8D0-4E37-A6B6-EF8DDD863520}"
EndProject
Project("{FAE04EC0-301F-11D3-BF4B-00C04F79EFBC}") = "TesteSchema.Tests", "TesteSchema.Tests\TesteSchema.Tests.csproj", "{AF7349A4-B440-40C5-B95B-A97649D02A00}"
EndProject
Project("{FAE04EC0-301F-11D3-BF4B-00C04F79EFBC}") = "Domain", "Domain\Domain.csproj", "{E2297F1A-8D4E-4A8D-A8C6-B64A4149680B}"
EndProject
Global
	GlobalSection(SolutionConfigurationPlatforms) = preSolution
		Debug|Any CPU = Debug|Any CPU
		Release|Any CPU = Release|Any CPU
	EndGlobalSection
	GlobalSection(ProjectConfigurationPlatforms) = postSolution
		{A6E88C92-E8D0-4E37-A6B6-EF8DDD863520}.Debug|Any CPU.ActiveCfg = Debug|Any CPU
		{A6E88C92-E8D0-4E37-A6B6-EF8DDD863520}.Debug|Any CPU.Build.0 = Debug|Any CPU
		{A6E88C92-E8D0-4E37-A6B6-EF8DDD863520}.Release|Any CPU.ActiveCfg = Release|Any CPU
		{A6E88C92-E8D0-4E37-A6B6-EF8DDD863520}.Release|Any CPU.Build.0 = Release|Any CPU
		{AF7349A4-B440-40C5-B95B-A97649D02A00}.Debug|Any CPU.ActiveCfg = Debug|Any CPU
		{AF7349A4-B440-40C5-B95B-A97649D02A00}.Debug|Any CPU.Build.0 = Debug|Any CPU
		{AF7349A4-B440-40C5-B95B-A97649D02A00}.Release|Any CPU.ActiveCfg = Release|Any CPU
		{AF7349A4-B440-40C5-B95B-A97649D02A00}.Release|Any CPU.Build.0 = Release|Any CPU
		{E2297F1A-8D4E-4A8D-A8C6-B64A4149680B}.Debug|Any CPU.ActiveCfg = Debug|Any CPU
		{E2297F1A-8D4E-4A8D-A8C6-B64A4149680B}.Debug|Any CPU.Build.0 = Debug|Any CPU
		{E2297F1A-8D4E-4A8D-A8C6-B64A4149680B}.Release|Any CPU.ActiveCfg = Release|Any CPU
		{E2297F1A-8D4E-4A8D-A8C6-B64A4149680B}.Release|Any CPU.Build.0 = Release|Any CPU
	EndGlobalSection
	GlobalSection(SolutionProperties) = preSolution
		HideSolutionNode = FALSE
	EndGlobalSection
EndGlobal
